
Microsoft Visual Studio Solution File, Format Version 12.00
# Visual Studio Version 17
VisualStudioVersion = 17.13.35825.156 d17.13
MinimumVisualStudioVersion = 10.0.40219.1
Project("{FAE04EC0-301F-11D3-BF4B-00C04F79EFBC}") = "AddressBook", "AddressBook\AddressBook.csproj", "{545D0686-A889-4F0C-8082-9BF9B2A8784E}"
EndProject
Project("{FAE04EC0-301F-11D3-BF4B-00C04F79EFBC}") = "BusinessLayer", "BusinessLayer\BusinessLayer.csproj", "{D63EE3C0-A4F1-4B85-9F97-9C751AE169AD}"
EndProject
Project("{FAE04EC0-301F-11D3-BF4B-00C04F79EFBC}") = "RepositoryLayer", "RepositoryLayer\RepositoryLayer.csproj", "{776757DD-FE15-471F-9C1B-BF845E357014}"
EndProject
Project("{FAE04EC0-301F-11D3-BF4B-00C04F79EFBC}") = "ModelLayer", "ModelLayer\ModelLayer.csproj", "{2D25EFE1-78BF-45AB-826F-23DD65E44740}"
EndProject
Global
	GlobalSection(SolutionConfigurationPlatforms) = preSolution
		Debug|Any CPU = Debug|Any CPU
		Release|Any CPU = Release|Any CPU
	EndGlobalSection
	GlobalSection(ProjectConfigurationPlatforms) = postSolution
		{545D0686-A889-4F0C-8082-9BF9B2A8784E}.Debug|Any CPU.ActiveCfg = Debug|Any CPU
		{545D0686-A889-4F0C-8082-9BF9B2A8784E}.Debug|Any CPU.Build.0 = Debug|Any CPU
		{545D0686-A889-4F0C-8082-9BF9B2A8784E}.Release|Any CPU.ActiveCfg = Release|Any CPU
		{545D0686-A889-4F0C-8082-9BF9B2A8784E}.Release|Any CPU.Build.0 = Release|Any CPU
		{D63EE3C0-A4F1-4B85-9F97-9C751AE169AD}.Debug|Any CPU.ActiveCfg = Debug|Any CPU
		{D63EE3C0-A4F1-4B85-9F97-9C751AE169AD}.Debug|Any CPU.Build.0 = Debug|Any CPU
		{D63EE3C0-A4F1-4B85-9F97-9C751AE169AD}.Release|Any CPU.ActiveCfg = Release|Any CPU
		{D63EE3C0-A4F1-4B85-9F97-9C751AE169AD}.Release|Any CPU.Build.0 = Release|Any CPU
		{776757DD-FE15-471F-9C1B-BF845E357014}.Debug|Any CPU.ActiveCfg = Debug|Any CPU
		{776757DD-FE15-471F-9C1B-BF845E357014}.Debug|Any CPU.Build.0 = Debug|Any CPU
		{776757DD-FE15-471F-9C1B-BF845E357014}.Release|Any CPU.ActiveCfg = Release|Any CPU
		{776757DD-FE15-471F-9C1B-BF845E357014}.Release|Any CPU.Build.0 = Release|Any CPU
		{2D25EFE1-78BF-45AB-826F-23DD65E44740}.Debug|Any CPU.ActiveCfg = Debug|Any CPU
		{2D25EFE1-78BF-45AB-826F-23DD65E44740}.Debug|Any CPU.Build.0 = Debug|Any CPU
		{2D25EFE1-78BF-45AB-826F-23DD65E44740}.Release|Any CPU.ActiveCfg = Release|Any CPU
		{2D25EFE1-78BF-45AB-826F-23DD65E44740}.Release|Any CPU.Build.0 = Release|Any CPU
	EndGlobalSection
	GlobalSection(SolutionProperties) = preSolution
		HideSolutionNode = FALSE
	EndGlobalSection
	GlobalSection(ExtensibilityGlobals) = postSolution
		SolutionGuid = {4D6AE5EB-3E97-47CF-B34F-FBF5D3435ECD}
	EndGlobalSection
EndGlobal
